{
    "_meta": {
        "hash": {
            "sha256": "09da36fcc93fa9b94fbea5282d8206a9d2e13fcec27229ec62c16c134e3e760a"
        },
        "pipfile-spec": 6,
        "requires": {
            "python_version": "2.7"
        },
        "sources": [
            {
                "name": "pypi",
                "url": "https://pypi.python.org/simple",
                "verify_ssl": true
            }
        ]
    },
    "default": {
        "backports.csv": {
            "hashes": [
                "sha256:1277dfff73130b2e106bf3dd347adb3c5f6c4340882289d88f31240da92cbd6d",
                "sha256:21f6e09bab589e6c1f877edbc40277b65e626262a86e69a70137db714eaac5ce"
            ],
            "markers": "python_version < '3.0'",
            "version": "==1.0.7"
        },
        "certifi": {
            "hashes": [
                "sha256:1a4995114262bffbc2413b159f2a1a480c969de6e6eb13ee966d470af86af59c",
                "sha256:719a74fb9e33b9bd44cc7f3a8d94bc35e4049deebe19ba7d8e108280cfd59830"
            ],
            "version": "==2020.12.5"
        },
        "chardet": {
            "hashes": [
                "sha256:84ab92ed1c4d4f16916e05906b6b75a6c0fb5db821cc65e70cbd64a3e2a5eaae",
                "sha256:fc323ffcaeaed0e0a02bf4d117757b98aed530d9ed4531e3e15460124c106691"
            ],
            "version": "==3.0.4"
        },
        "defusedxml": {
            "hashes": [
                "sha256:6687150770438374ab581bb7a1b327a847dd9c5749e396102de3fad4e8a3ef93",
                "sha256:f684034d135af4c6cbb949b8a4d2ed61634515257a67299e5f940fbaa34377f5"
            ],
            "version": "==0.6.0"
        },
        "django": {
            "editable": true,
            "git": "https://github.com/django/django.git",
            "ref": "1a34dfcf797640d5d580d261694cb54e6f97c552"
        },
        "docopt": {
            "hashes": [
                "sha256:49b3a825280bd66b3aa83585ef59c4a8c82f2c8a522dbe754a8bc8d08c85c491"
            ],
            "version": "==0.6.2"
        },
        "e1839a8": {
            "editable": true,
            "path": "."
        },
        "e682b37": {
            "file": "https://github.com/divio/django-cms/archive/release/3.4.x.zip"
        },
        "et-xmlfile": {
            "hashes": [
                "sha256:614d9722d572f6246302c4491846d2c393c199cfa4edc9af593437691683335b"
            ],
            "version": "==1.0.1"
        },
        "idna": {
            "hashes": [
                "sha256:2c6a5de3089009e3da7c5dde64a141dbc8551d5b7f6cf4ed7c2568d0cc520a8f",
                "sha256:8c7309c718f94b3a625cb648ace320157ad16ff131ae0af362c9f21b80ef6ec4"
            ],
            "version": "==2.6"
        },
        "jdcal": {
            "hashes": [
                "sha256:1abf1305fce18b4e8aa248cf8fe0c56ce2032392bc64bbd61b5dff2a19ec8bba",
                "sha256:472872e096eb8df219c23f2689fc336668bdb43d194094b5cc1707e1640acfc8"
            ],
            "version": "==1.4.1"
        },
        "lxml": {
            "hashes": [
                "sha256:0448576c148c129594d890265b1a83b9cd76fd1f0a6a04620753d9a6bcfd0a4d",
                "sha256:127f76864468d6630e1b453d3ffbbd04b024c674f55cf0a30dc2595137892d37",
                "sha256:1471cee35eba321827d7d53d104e7b8c593ea3ad376aa2df89533ce8e1b24a01",
                "sha256:2363c35637d2d9d6f26f60a208819e7eafc4305ce39dc1d5005eccc4593331c2",
                "sha256:2e5cc908fe43fe1aa299e58046ad66981131a66aea3129aac7770c37f590a644",
                "sha256:2e6fd1b8acd005bd71e6c94f30c055594bbd0aa02ef51a22bbfa961ab63b2d75",
                "sha256:366cb750140f221523fa062d641393092813b81e15d0e25d9f7c6025f910ee80",
                "sha256:42ebca24ba2a21065fb546f3e6bd0c58c3fe9ac298f3a320147029a4850f51a2",
                "sha256:4e751e77006da34643ab782e4a5cc21ea7b755551db202bc4d3a423b307db780",
                "sha256:4fb85c447e288df535b17ebdebf0ec1cf3a3f1a8eba7e79169f4f37af43c6b98",
                "sha256:50c348995b47b5a4e330362cf39fc503b4a43b14a91c34c83b955e1805c8e308",
                "sha256:535332fe9d00c3cd455bd3dd7d4bacab86e2d564bdf7606079160fa6251caacf",
                "sha256:535f067002b0fd1a4e5296a8f1bf88193080ff992a195e66964ef2a6cfec5388",
                "sha256:5be4a2e212bb6aa045e37f7d48e3e1e4b6fd259882ed5a00786f82e8c37ce77d",
                "sha256:60a20bfc3bd234d54d49c388950195d23a5583d4108e1a1d47c9eef8d8c042b3",
                "sha256:648914abafe67f11be7d93c1a546068f8eff3c5fa938e1f94509e4a5d682b2d8",
                "sha256:681d75e1a38a69f1e64ab82fe4b1ed3fd758717bed735fb9aeaa124143f051af",
                "sha256:68a5d77e440df94011214b7db907ec8f19e439507a70c958f750c18d88f995d2",
                "sha256:69a63f83e88138ab7642d8f61418cf3180a4d8cd13995df87725cb8b893e950e",
                "sha256:6e4183800f16f3679076dfa8abf2db3083919d7e30764a069fb66b2b9eff9939",
                "sha256:6fd8d5903c2e53f49e99359b063df27fdf7acb89a52b6a12494208bf61345a03",
                "sha256:791394449e98243839fa822a637177dd42a95f4883ad3dec2a0ce6ac99fb0a9d",
                "sha256:7a7669ff50f41225ca5d6ee0a1ec8413f3a0d8aa2b109f86d540887b7ec0d72a",
                "sha256:7e9eac1e526386df7c70ef253b792a0a12dd86d833b1d329e038c7a235dfceb5",
                "sha256:7ee8af0b9f7de635c61cdd5b8534b76c52cd03536f29f51151b377f76e214a1a",
                "sha256:8246f30ca34dc712ab07e51dc34fea883c00b7ccb0e614651e49da2c49a30711",
                "sha256:8c88b599e226994ad4db29d93bc149aa1aff3dc3a4355dd5757569ba78632bdf",
                "sha256:923963e989ffbceaa210ac37afc9b906acebe945d2723e9679b643513837b089",
                "sha256:94d55bd03d8671686e3f012577d9caa5421a07286dd351dfef64791cf7c6c505",
                "sha256:97db258793d193c7b62d4e2586c6ed98d51086e93f9a3af2b2034af01450a74b",
                "sha256:a9d6bc8642e2c67db33f1247a77c53476f3a166e09067c0474facb045756087f",
                "sha256:cd11c7e8d21af997ee8079037fff88f16fda188a9776eb4b81c7e4c9c0a7d7fc",
                "sha256:d8d3d4713f0c28bdc6c806a278d998546e8efc3498949e3ace6e117462ac0a5e",
                "sha256:e0bfe9bb028974a481410432dbe1b182e8191d5d40382e5b8ff39cdd2e5c5931",
                "sha256:f4822c0660c3754f1a41a655e37cb4dbbc9be3d35b125a37fab6f82d47674ebc",
                "sha256:f83d281bb2a6217cd806f4cf0ddded436790e66f393e124dfe9731f6b3fb9afe",
                "sha256:fc37870d6716b137e80d19241d0e2cff7a7643b925dfa49b4c8ebd1295eb506e"
            ],
            "index": "pypi",
            "version": "==4.6.2"
        },
        "markuppy": {
            "hashes": [
                "sha256:1adee2c0a542af378fe84548ff6f6b0168f3cb7f426b46961038a2bcfaad0d5f"
            ],
            "version": "==1.14"
        },
        "odfpy": {
            "hashes": [
                "sha256:db766a6e59c5103212f3cc92ec8dd50a0f3a02790233ed0b52148b70d3c438ec"
            ],
            "version": "==1.4.1"
        },
        "openpyxl": {
            "hashes": [
                "sha256:1d53801678e18d7fe38c116f1ad0c2383a654670c4c8806105b611c92d92f2e3"
            ],
            "version": "==2.6.4"
        },
        "pysocks": {
            "hashes": [
                "sha256:08e69f092cc6dbe92a0fdd16eeb9b9ffbc13cadfe5ca4c7bd92ffb078b293299",
                "sha256:2725bd0a9925919b9b51739eea5f9e2bae91e83288108a9ad338b2e3a4435ee5",
                "sha256:3f8804571ebe159c380ac6de37643bb4685970655d3bba243530d6558b799aa0"
            ],
            "version": "==1.7.1"
        },
        "pytz": {
            "hashes": [
                "sha256:16962c5fb8db4a8f63a26646d8886e9d769b6c511543557bc84e9569fb9a9cb4",
                "sha256:180befebb1927b16f6b57101720075a984c019ac16b1b7575673bea42c6c3da5"
            ],
            "version": "==2020.5"
        },
        "pywinusb": {
            "hashes": [
                "sha256:e2f5e89f7b74239ca4843721a9bda0fc99014750630c189a176ec0e1b35e86df"
            ],
            "index": "pypi",
            "markers": "os_name == 'nt'",
            "version": "==0.4.2"
        },
        "pyyaml": {
            "hashes": [
                "sha256:06a0d7ba600ce0b2d2fe2e78453a470b5a6e000a985dd4a4e54e436cc36b0e97",
                "sha256:240097ff019d7c70a4922b6869d8a86407758333f02203e0fc6ff79c5dcede76",
                "sha256:4f4b913ca1a7319b33cfb1369e91e50354d6f07a135f3b901aca02aa95940bd2",
                "sha256:6034f55dab5fea9e53f436aa68fa3ace2634918e8b5994d82f3621c04ff5ed2e",
                "sha256:69f00dca373f240f842b2931fb2c7e14ddbacd1397d57157a9b005a6a9942648",
                "sha256:73f099454b799e05e5ab51423c7bcf361c58d3206fa7b0d555426b1f4d9a3eaf",
                "sha256:74809a57b329d6cc0fdccee6318f44b9b8649961fa73144a98735b0aaf029f1f",
                "sha256:7739fc0fa8205b3ee8808aea45e968bc90082c10aef6ea95e855e10abf4a37b2",
                "sha256:95f71d2af0ff4227885f7a6605c37fd53d3a106fcab511b8860ecca9fcf400ee",
                "sha256:ad9c67312c84def58f3c04504727ca879cb0013b2517c85a9a253f0cb6380c0a",
                "sha256:b8eac752c5e14d3eca0e6dd9199cd627518cb5ec06add0de9d32baeee6fe645d",
                "sha256:cc8955cfbfc7a115fa81d85284ee61147059a753344bc51098f3ccd69b0d7e0c",
                "sha256:d13155f591e6fcc1ec3b30685d50bf0711574e2c0dfffd7644babf8b5102ca1a"
            ],
            "version": "==5.3.1"
        },
        "records": {
            "hashes": [
                "sha256:238cba35e8efbb724493bbb195bd027d9e78db4a978597969a7af0f722ac3686",
                "sha256:6d060a2b44ecc198d4e86efd5dab8558a2581b4019970bd8839e1604a243f57e"
            ],
            "index": "pypi",
            "version": "==0.5.2"
        },
        "requests": {
            "extras": [
                "socks"
            ],
            "hashes": [
                "sha256:6a1b267aa90cac58ac3a765d067950e7dbbf75b1da07e895d1f594193a40a38b",
                "sha256:9c443e7324ba5b85070c4a818ade28bfabedf16ea10206da1132edaa6dda237e"
            ],
            "index": "pypi",
            "version": "==2.18.4"
        },
        "sqlalchemy": {
            "hashes": [
                "sha256:04f995fcbf54e46cddeb4f75ce9dfc17075d6ae04ac23b2bacb44b3bc6f6bf11",
                "sha256:0c6406a78a714a540d980a680b86654feadb81c8d0eecb59f3d6c554a4c69f19",
                "sha256:0c72b90988be749e04eff0342dcc98c18a14461eb4b2ad59d611b57b31120f90",
                "sha256:108580808803c7732f34798eb4a329d45b04c562ed83ee90f09f6a184a42b766",
                "sha256:1418f5e71d6081aa1095a1d6b567a562d2761996710bdce9b6e6ba20a03d0864",
                "sha256:17610d573e698bf395afbbff946544fbce7c5f4ee77b5bcb1f821b36345fae7a",
                "sha256:216ba5b4299c95ed179b58f298bda885a476b16288ab7243e89f29f6aeced7e0",
                "sha256:2ff132a379838b1abf83c065be54cef32b47c987aedd06b82fc76476c85225eb",
                "sha256:314f5042c0b047438e19401d5f29757a511cfc2f0c40d28047ca0e4c95eabb5b",
                "sha256:318b5b727e00662e5fc4b4cd2bf58a5116d7c1b4dd56ffaa7d68f43458a8d1ed",
                "sha256:3ab5b44a07b8c562c6dcb7433c6a6c6e03266d19d64f87b3333eda34e3b9936b",
                "sha256:426ece890153ccc52cc5151a1a0ed540a5a7825414139bb4c95a868d8da54a52",
                "sha256:491fe48adc07d13e020a8b07ef82eefc227003a046809c121bea81d3dbf1832d",
                "sha256:4a84c7c7658dd22a33dab2e2aa2d17c18cb004a42388246f2e87cb4085ef2811",
                "sha256:54da615e5b92c339e339fe8536cce99fe823b6ed505d4ea344852aefa1c205fb",
                "sha256:5a7f224cdb7233182cec2a45d4c633951268d6a9bcedac37abbf79dd07012aea",
                "sha256:61628715931f4962e0cdb2a7c87ff39eea320d2aa96bd471a3c293d146f90394",
                "sha256:62285607a5264d1f91590abd874d6a498e229d5840669bd7d9f654cfaa599bd0",
                "sha256:62fb881ba51dbacba9af9b779211cf9acff3442d4f2993142015b22b3cd1f92a",
                "sha256:68428818cf80c60dc04aa0f38da20ad39b28aba4d4d199f949e7d6e04444ea86",
                "sha256:6aaa13ee40c4552d5f3a59f543f0db6e31712cc4009ec7385407be4627259d41",
                "sha256:70121f0ae48b25ef3e56e477b88cd0b0af0e1f3a53b5554071aa6a93ef378a03",
                "sha256:715b34578cc740b743361f7c3e5f584b04b0f1344f45afc4e87fbac4802eb0a0",
                "sha256:758fc8c4d6c0336e617f9f6919f9daea3ab6bb9b07005eda9a1a682e24a6cacc",
                "sha256:7d4b8de6bb0bc736161cb0bbd95366b11b3eb24dd6b814a143d8375e75af9990",
                "sha256:81d8d099a49f83111cce55ec03cc87eef45eec0d90f9842b4fc674f860b857b0",
                "sha256:888d5b4b5aeed0d3449de93ea80173653e939e916cc95fe8527079e50235c1d2",
                "sha256:95bde07d19c146d608bccb9b16e144ec8f139bcfe7fd72331858698a71c9b4f5",
                "sha256:9bf572e4f5aa23f88dd902f10bb103cb5979022a38eec684bfa6d61851173fec",
                "sha256:bab5a1e15b9466a25c96cda19139f3beb3e669794373b9ce28c4cf158c6e841d",
                "sha256:bd4b1af45fd322dcd1fb2a9195b4f93f570d1a5902a842e3e6051385fac88f9c",
                "sha256:bde677047305fe76c7ee3e4492b545e0018918e44141cc154fe39e124e433991",
                "sha256:c389d7cc2b821853fb018c85457da3e7941db64f4387720a329bc7ff06a27963",
                "sha256:d055ff750fcab69ca4e57b656d9c6ad33682e9b8d564f2fbe667ab95c63591b0",
                "sha256:d53f59744b01f1440a1b0973ed2c3a7de204135c593299ee997828aad5191693",
                "sha256:f115150cc4361dd46153302a640c7fa1804ac207f9cc356228248e351a8b4676",
                "sha256:f1e88b30da8163215eab643962ae9d9252e47b4ea53404f2c4f10f24e70ddc62",
                "sha256:f8191fef303025879e6c3548ecd8a95aafc0728c764ab72ec51a0bdf0c91a341"
            ],
            "version": "==1.3.22"
        },
        "tablib": {
            "hashes": [
                "sha256:00654241e5beee437ba544e4fa4abef70ccec3668503aa95406c1250bb660770",
                "sha256:6336e7aa3f0e5894b47270a3dc639cc2e78eb823c7ccb8c4512fb408cdc18d08"
            ],
            "version": "==0.14.0"
        },
        "urllib3": {
            "hashes": [
                "sha256:06330f386d6e4b195fbfc736b297f58c5a892e4440e54d294d7004e3a9bbea1b",
                "sha256:cc44da8e1145637334317feebd728bd869a35285b93cbb4cca2577da7e62db4f"
            ],
            "version": "==1.22"
        },
        "xlrd": {
            "hashes": [
                "sha256:6a33ee89877bd9abc1158129f6e94be74e2679636b8a205b43b85206c3f0bbdd",
                "sha256:f72f148f54442c6b056bf931dbc34f986fd0c3b0b6b5a58d013c9aef274d0c88"
            ],
            "version": "==2.0.1"
        },
        "xlwt": {
            "hashes": [
                "sha256:a082260524678ba48a297d922cc385f58278b8aa68741596a87de01a9c628b2e",
                "sha256:c59912717a9b28f1a3c2a98fd60741014b06b043936dcecbc113eaaada156c88"
            ],
            "version": "==1.3.0"
        }
    },
    "develop": {
        "argparse": {
            "hashes": [
                "sha256:62b089a55be1d8949cd2bc7e0df0bddb9e028faefc8c32038cc84862aefdd6e4",
                "sha256:c31647edb69fd3d465a847ea3157d37bed1f95f19760b11a47aa91c04b666314"
            ],
            "version": "==1.4.0"
        },
        "linecache2": {
            "hashes": [
                "sha256:4b26ff4e7110db76eeb6f5a7b64a82623839d595c2038eeda662f2a2db78e97c",
                "sha256:e78be9c0a0dfcbac712fe04fbf92b96cddae80b1b842f24248214c8496f006ef"
            ],
            "version": "==1.0.0"
        },
        "nose": {
            "hashes": [
                "sha256:9ff7c6cc443f8c51994b34a667bbcf45afd6d945be7477b52e97516fd17c53ac",
                "sha256:dadcddc0aefbf99eea214e0f1232b94f2fa9bd98fa8353711dacb112bfcbbb2a",
                "sha256:f1bffef9cbc82628f6e7d7b40d7e255aefaa1adb6a1b1d26c69a8b79e6208a98"
            ],
            "index": "pypi",
            "version": "==1.3.7"
        },
        "six": {
            "hashes": [
                "sha256:30639c035cdb23534cd4aa2dd52c3bf48f06e5f4a941509c8bafd8ce11080259",
                "sha256:8b74bedcbbbaca38ff6d7491d76f2b06b3592611af620f8426e82dddb04a5ced"
            ],
            "version": "==1.15.0"
        },
        "traceback2": {
            "hashes": [
                "sha256:05acc67a09980c2ecfedd3423f7ae0104839eccb55fc645773e1caa0951c3030",
                "sha256:8253cebec4b19094d67cc5ed5af99bf1dba1285292226e98a31929f87a5d6b23"
            ],
            "version": "==1.4.0"
        },
        "unittest2": {
            "hashes": [
                "sha256:13f77d0875db6d9b435e1d4f41e74ad4cc2eb6e1d5c824996092b3430f088bb8",
                "sha256:22882a0e418c284e1f718a822b3b022944d53d2d908e1690b319a9d3eb2c0579"
            ],
            "index": "pypi",
            "markers": "python_version < '2.7.9' or (python_version >= '3.0' and python_version < '3.4')",
            "version": "==1.1.0"
        }
    }
}
